PODS:
  - Flutter (1.0.0)
  - yandex_maps_mapkit_lite (1.0.0):
    - Flutter
    - YandexMapsMobile (= 4.9.0-beta-lite-flutter)
  - YandexMapsMobile (4.9.0-beta-lite-flutter)

DEPENDENCIES:
  - Flutter (from `Flutter`)
  - yandex_maps_mapkit_lite (from `.symlinks/plugins/yandex_maps_mapkit_lite/ios`)

SPEC REPOS:
  trunk:
    - YandexMapsMobile

EXTERNAL SOURCES:
  Flutter:
    :path: Flutter
  yandex_maps_mapkit_lite:
    :path: ".symlinks/plugins/yandex_maps_mapkit_lite/ios"

SPEC CHECKSUMS:
  Flutter: e0871f40cf51350855a761d2e70bf5af5b9b5de7
  yandex_maps_mapkit_lite: 68a54392da985933d5742030d8fdc115db1d0a1d
  YandexMapsMobile: d7d05c397d124b779b195af0f5b688e6d9c485a4

PODFILE CHECKSUM: 819463e6a0290f5a72f145ba7cde16e8b6ef0796

COCOAPODS: 1.15.2
